// !$*UTF8*$!
{
	archiveVersion = 1;
	classes = {
	};
	objectVersion = 77;
	objects = {

/* Begin PBXBuildFile section */
		078D0CC72D5DF89700F4B1DF /* FirebaseAnalytics in Frameworks */ = {isa = PBXBuildFile; productRef = 078D0CC62D5DF89700F4B1DF /* FirebaseAnalytics */; };
		078D0CC92D5DF89700F4B1DF /* FirebaseAuth in Frameworks */ = {isa = PBXBuildFile; productRef = 078D0CC82D5DF89700F4B1DF /* FirebaseAuth */; };
		078D0CCB2D5DF89700F4B1DF /* FirebaseCore in Frameworks */ = {isa = PBXBuildFile; productRef = 078D0CCA2D5DF89700F4B1DF /* FirebaseCore */; };
		078D0CCD2D5DF89700F4B1DF /* FirebaseDatabase in Frameworks */ = {isa = PBXBuildFile; productRef = 078D0CCC2D5DF89700F4B1DF /* FirebaseDatabase */; };
		078D0CCF2D5DF89700F4B1DF /* FirebaseFirestore in Frameworks */ = {isa = PBXBuildFile; productRef = 078D0CCE2D5DF89700F4B1DF /* FirebaseFirestore */; };
		078D0CD12D5DF89700F4B1DF /* FirebaseStorage in Frameworks */ = {isa = PBXBuildFile; productRef = 078D0CD02D5DF89700F4B1DF /* FirebaseStorage */; };
		078D0CD32D5DF89700F4B1DF /* FirebaseVertexAI in Frameworks */ = {isa = PBXBuildFile; productRef = 078D0CD22D5DF89700F4B1DF /* FirebaseVertexAI */; };
/* End PBXBuildFile section */

/* Begin PBXFileReference section */
		078F48DC2D5CC367004A594B /* PatientSide.app */ = {isa = PBXFileReference; explicitFileType = wrapper.application; includeInIndex = 0; path = PatientSide.app; sourceTree = BUILT_PRODUCTS_DIR; };
/* End PBXFileReference section */

/* Begin PBXFileSystemSynchronizedRootGroup section */
		078F48DE2D5CC367004A594B /* PatientSide */ = {
			isa = PBXFileSystemSynchronizedRootGroup;
			path = PatientSide;
			sourceTree = "<group>";
		};
/* End PBXFileSystemSynchronizedRootGroup section */

/* Begin PBXFrameworksBuildPhase section */
		078F48D92D5CC367004A594B /* Frameworks */ = {
			isa = PBXFrameworksBuildPhase;
			buildActionMask = 2147483647;
			files = (
				078D0CC72D5DF89700F4B1DF /* FirebaseAnalytics in Frameworks */,
				078D0CCB2D5DF89700F4B1DF /* FirebaseCore in Frameworks */,
				078D0CCD2D5DF89700F4B1DF /* FirebaseDatabase in Frameworks */,
				078D0CCF2D5DF89700F4B1DF /* FirebaseFirestore in Frameworks */,
				078D0CD32D5DF89700F4B1DF /* FirebaseVertexAI in Frameworks */,
				078D0CC92D5DF89700F4B1DF /* FirebaseAuth in Frameworks */,
				078D0CD12D5DF89700F4B1DF /* FirebaseStorage in Frameworks */,
			);
			runOnlyForDeploymentPostprocessing = 0;
		};
/* End PBXFrameworksBuildPhase section */

/* Begin PBXGroup section */
		078F48D32D5CC367004A594B = {
			isa = PBXGroup;
			children = (
				078F48DE2D5CC367004A594B /* PatientSide */,
				078F48DD2D5CC367004A594B /* Products */,
			);
			sourceTree = "<group>";
		};
		078F48DD2D5CC367004A594B /* Products */ = {
			isa = PBXGroup;
			children = (
				078F48DC2D5CC367004A594B /* PatientSide.app */,
			);
			name = Products;
			sourceTree = "<group>";
		};
/* End PBXGroup section */

/* Begin PBXNativeTarget section */
		078F48DB2D5CC367004A594B /* PatientSide */ = {
			isa = PBXNativeTarget;
			buildConfigurationList = 078F48EC2D5CC368004A594B /* Build configuration list for PBXNativeTarget "PatientSide" */;
			buildPhases = (
				078F48D82D5CC367004A594B /* Sources */,
				078F48D92D5CC367004A594B /* Frameworks */,
				078F48DA2D5CC367004A594B /* Resources */,
			);
			buildRules = (
			);
			dependencies = (
			);
			fileSystemSynchronizedGroups = (
				078F48DE2D5CC367004A594B /* PatientSide */,
			);
			name = PatientSide;
			packageProductDependencies = (
				078D0CC62D5DF89700F4B1DF /* FirebaseAnalytics */,
				078D0CC82D5DF89700F4B1DF /* FirebaseAuth */,
				078D0CCA2D5DF89700F4B1DF /* FirebaseCore */,
				078D0CCC2D5DF89700F4B1DF /* FirebaseDatabase */,
				078D0CCE2D5DF89700F4B1DF /* FirebaseFirestore */,
				078D0CD02D5DF89700F4B1DF /* FirebaseStorage */,
				078D0CD22D5DF89700F4B1DF /* FirebaseVertexAI */,
			);
			productName = PatientSide;
			productReference = 078F48DC2D5CC367004A594B /* PatientSide.app */;
			productType = "com.apple.product-type.application";
		};
/* End PBXNativeTarget section */

/* Begin PBXProject section */
		078F48D42D5CC367004A594B /* Project object */ = {
			isa = PBXProject;
			attributes = {
				BuildIndependentTargetsInParallel = 1;
				LastSwiftUpdateCheck = 1600;
				LastUpgradeCheck = 1600;
				TargetAttributes = {
					078F48DB2D5CC367004A594B = {
						CreatedOnToolsVersion = 16.0;
					};
				};
			};
			buildConfigurationList = 078F48D72D5CC367004A594B /* Build configuration list for PBXProject "PatientSide" */;
			developmentRegion = en;
			hasScannedForEncodings = 0;
			knownRegions = (
				en,
				Base,
			);
			mainGroup = 078F48D32D5CC367004A594B;
			minimizedProjectReferenceProxies = 1;
			packageReferences = (
				078D0CC52D5DF89700F4B1DF /* XCRemoteSwiftPackageReference "firebase-ios-sdk" */,
			);
			preferredProjectObjectVersion = 77;
			productRefGroup = 078F48DD2D5CC367004A594B /* Products */;
			projectDirPath = "";
			projectRoot = "";
			targets = (
				078F48DB2D5CC367004A594B /* PatientSide */,
			);
		};
/* End PBXProject section */

/* Begin PBXResourcesBuildPhase section */
		078F48DA2D5CC367004A594B /* Resources */ = {
			isa = PBXResourcesBuildPhase;
			buildActionMask = 2147483647;
			files = (
			);
			runOnlyForDeploymentPostprocessing = 0;
		};
/* End PBXResourcesBuildPhase section */

/* Begin PBXSourcesBuildPhase section */
		078F48D82D5CC367004A594B /* Sources */ = {
			isa = PBXSourcesBuildPhase;
			buildActionMask = 2147483647;
			files = (
			);
			runOnlyForDeploymentPostprocessing = 0;
		};
/* End PBXSourcesBuildPhase section */

/* Begin XCBuildConfiguration section */
		078F48EA2D5CC368004A594B /* Debug */ = {
			isa = XCBuildConfiguration;
			buildSettings = {
				ALWAYS_SEARCH_USER_PATHS = NO;
				ASSETCATALOG_COMPILER_GENERATE_SWIFT_ASSET_SYMBOL_EXTENSIONS = YES;
				CLANG_ANALYZER_NONNULL = YES;
				CLANG_ANALYZER_NUMBER_OBJECT_CONVERSION = YES_AGGRESSIVE;
				CLANG_CXX_LANGUAGE_STANDARD = "gnu++20";
				CLANG_ENABLE_MODULES = YES;
				CLANG_ENABLE_OBJC_ARC = YES;
				CLANG_ENABLE_OBJC_WEAK = YES;
				CLANG_WARN_BLOCK_CAPTURE_AUTORELEASING = YES;
				CLANG_WARN_BOOL_CONVERSION = YES;
				CLANG_WARN_COMMA = YES;
				CLANG_WARN_CONSTANT_CONVERSION = YES;
				CLANG_WARN_DEPRECATED_OBJC_IMPLEMENTATIONS = YES;
				CLANG_WARN_DIRECT_OBJC_ISA_USAGE = YES_ERROR;
				CLANG_WARN_DOCUMENTATION_COMMENTS = YES;
				CLANG_WARN_EMPTY_BODY = YES;
				CLANG_WARN_ENUM_CONVERSION = YES;
				CLANG_WARN_INFINITE_RECURSION = YES;
				CLANG_WARN_INT_CONVERSION = YES;
				CLANG_WARN_NON_LITERAL_NULL_CONVERSION = YES;
				CLANG_WARN_OBJC_IMPLICIT_RETAIN_SELF = YES;
				CLANG_WARN_OBJC_LITERAL_CONVERSION = YES;
				CLANG_WARN_OBJC_ROOT_CLASS = YES_ERROR;
				CLANG_WARN_QUOTED_INCLUDE_IN_FRAMEWORK_HEADER = YES;
				CLANG_WARN_RANGE_LOOP_ANALYSIS = YES;
				CLANG_WARN_STRICT_PROTOTYPES = YES;
				CLANG_WARN_SUSPICIOUS_MOVE = YES;
				CLANG_WARN_UNGUARDED_AVAILABILITY = YES_AGGRESSIVE;
				CLANG_WARN_UNREACHABLE_CODE = YES;
				CLANG_WARN__DUPLICATE_METHOD_MATCH = YES;
				COPY_PHASE_STRIP = NO;
				DEBUG_INFORMATION_FORMAT = dwarf;
				ENABLE_STRICT_OBJC_MSGSEND = YES;
				ENABLE_TESTABILITY = YES;
				ENABLE_USER_SCRIPT_SANDBOXING = YES;
				GCC_C_LANGUAGE_STANDARD = gnu17;
				GCC_DYNAMIC_NO_PIC = NO;
				GCC_NO_COMMON_BLOCKS = YES;
				GCC_OPTIMIZATION_LEVEL = 0;
				GCC_PREPROCESSOR_DEFINITIONS = (
					"DEBUG=1",
					"$(inherited)",
				);
				GCC_WARN_64_TO_32_BIT_CONVERSION = YES;
				GCC_WARN_ABOUT_RETURN_TYPE = YES_ERROR;
				GCC_WARN_UNDECLARED_SELECTOR = YES;
				GCC_WARN_UNINITIALIZED_AUTOS = YES_AGGRESSIVE;
				GCC_WARN_UNUSED_FUNCTION = YES;
				GCC_WARN_UNUSED_VARIABLE = YES;
				IPHONEOS_DEPLOYMENT_TARGET = 18.0;
				LOCALIZATION_PREFERS_STRING_CATALOGS = YES;
				MTL_ENABLE_DEBUG_INFO = INCLUDE_SOURCE;
				MTL_FAST_MATH = YES;
				ONLY_ACTIVE_ARCH = YES;
				SDKROOT = iphoneos;
				SWIFT_ACTIVE_COMPILATION_CONDITIONS = "DEBUG $(inherited)";
				SWIFT_OPTIMIZATION_LEVEL = "-Onone";
			};
			name = Debug;
		};
		078F48EB2D5CC368004A594B /* Release */ = {
			isa = XCBuildConfiguration;
			buildSettings = {
				ALWAYS_SEARCH_USER_PATHS = NO;
				ASSETCATALOG_COMPILER_GENERATE_SWIFT_ASSET_SYMBOL_EXTENSIONS = YES;
				CLANG_ANALYZER_NONNULL = YES;
				CLANG_ANALYZER_NUMBER_OBJECT_CONVERSION = YES_AGGRESSIVE;
				CLANG_CXX_LANGUAGE_STANDARD = "gnu++20";
				CLANG_ENABLE_MODULES = YES;
				CLANG_ENABLE_OBJC_ARC = YES;
				CLANG_ENABLE_OBJC_WEAK = YES;
				CLANG_WARN_BLOCK_CAPTURE_AUTORELEASING = YES;
				CLANG_WARN_BOOL_CONVERSION = YES;
				CLANG_WARN_COMMA = YES;
				CLANG_WARN_CONSTANT_CONVERSION = YES;
				CLANG_WARN_DEPRECATED_OBJC_IMPLEMENTATIONS = YES;
				CLANG_WARN_DIRECT_OBJC_ISA_USAGE = YES_ERROR;
				CLANG_WARN_DOCUMENTATION_COMMENTS = YES;
				CLANG_WARN_EMPTY_BODY = YES;
				CLANG_WARN_ENUM_CONVERSION = YES;
				CLANG_WARN_INFINITE_RECURSION = YES;
				CLANG_WARN_INT_CONVERSION = YES;
				CLANG_WARN_NON_LITERAL_NULL_CONVERSION = YES;
				CLANG_WARN_OBJC_IMPLICIT_RETAIN_SELF = YES;
				CLANG_WARN_OBJC_LITERAL_CONVERSION = YES;
				CLANG_WARN_OBJC_ROOT_CLASS = YES_ERROR;
				CLANG_WARN_QUOTED_INCLUDE_IN_FRAMEWORK_HEADER = YES;
				CLANG_WARN_RANGE_LOOP_ANALYSIS = YES;
				CLANG_WARN_STRICT_PROTOTYPES = YES;
				CLANG_WARN_SUSPICIOUS_MOVE = YES;
				CLANG_WARN_UNGUARDED_AVAILABILITY = YES_AGGRESSIVE;
				CLANG_WARN_UNREACHABLE_CODE = YES;
				CLANG_WARN__DUPLICATE_METHOD_MATCH = YES;
				COPY_PHASE_STRIP = NO;
				DEBUG_INFORMATION_FORMAT = "dwarf-with-dsym";
				ENABLE_NS_ASSERTIONS = NO;
				ENABLE_STRICT_OBJC_MSGSEND = YES;
				ENABLE_USER_SCRIPT_SANDBOXING = YES;
				GCC_C_LANGUAGE_STANDARD = gnu17;
				GCC_NO_COMMON_BLOCKS = YES;
				GCC_WARN_64_TO_32_BIT_CONVERSION = YES;
				GCC_WARN_ABOUT_RETURN_TYPE = YES_ERROR;
				GCC_WARN_UNDECLARED_SELECTOR = YES;
				GCC_WARN_UNINITIALIZED_AUTOS = YES_AGGRESSIVE;
				GCC_WARN_UNUSED_FUNCTION = YES;
				GCC_WARN_UNUSED_VARIABLE = YES;
				IPHONEOS_DEPLOYMENT_TARGET = 18.0;
				LOCALIZATION_PREFERS_STRING_CATALOGS = YES;
				MTL_ENABLE_DEBUG_INFO = NO;
				MTL_FAST_MATH = YES;
				SDKROOT = iphoneos;
				SWIFT_COMPILATION_MODE = wholemodule;
				VALIDATE_PRODUCT = YES;
			};
			name = Release;
		};
		078F48ED2D5CC368004A594B /* Debug */ = {
			isa = XCBuildConfiguration;
			buildSettings = {
				ASSETCATALOG_COMPILER_APPICON_NAME = AppIcon;
				ASSETCATALOG_COMPILER_GLOBAL_ACCENT_COLOR_NAME = AccentColor;
				CODE_SIGN_STYLE = Automatic;
				CURRENT_PROJECT_VERSION = 1;
				DEVELOPMENT_ASSET_PATHS = "\"PatientSide/Preview Content\"";
				DEVELOPMENT_TEAM = 6PR68D3CTA;
				ENABLE_PREVIEWS = YES;
				GENERATE_INFOPLIST_FILE = YES;
				INFOPLIST_KEY_UIApplicationSceneManifest_Generation = YES;
				INFOPLIST_KEY_UIApplicationSupportsIndirectInputEvents = YES;
				INFOPLIST_KEY_UILaunchScreen_Generation = YES;
				INFOPLIST_KEY_UISupportedInterfaceOrientations_iPad = "UIInterfaceOrientationPortrait UIInterfaceOrientationPortraitUpsideDown UIInterfaceOrientationLandscapeLeft UIInterfaceOrientationLandscapeRight";
				INFOPLIST_KEY_UISupportedInterfaceOrientations_iPhone = "UIInterfaceOrientationPortrait UIInterfaceOrientationLandscapeLeft UIInterfaceOrientationLandscapeRight";
				LD_RUNPATH_SEARCH_PATHS = (
					"$(inherited)",
					"@executable_path/Frameworks",
				);
				MARKETING_VERSION = 1.0;
				PRODUCT_BUNDLE_IDENTIFIER = com.uddeshya.PatientSide;
				PRODUCT_NAME = "$(TARGET_NAME)";
				SWIFT_EMIT_LOC_STRINGS = YES;
				SWIFT_VERSION = 5.0;
				TARGETED_DEVICE_FAMILY = "1,2";
			};
			name = Debug;
		};
		078F48EE2D5CC368004A594B /* Release */ = {
			isa = XCBuildConfiguration;
			buildSettings = {
				ASSETCATALOG_COMPILER_APPICON_NAME = AppIcon;
				ASSETCATALOG_COMPILER_GLOBAL_ACCENT_COLOR_NAME = AccentColor;
				CODE_SIGN_STYLE = Automatic;
				CURRENT_PROJECT_VERSION = 1;
				DEVELOPMENT_ASSET_PATHS = "\"PatientSide/Preview Content\"";
				DEVELOPMENT_TEAM = 6PR68D3CTA;
				ENABLE_PREVIEWS = YES;
				GENERATE_INFOPLIST_FILE = YES;
				INFOPLIST_KEY_UIApplicationSceneManifest_Generation = YES;
				INFOPLIST_KEY_UIApplicationSupportsIndirectInputEvents = YES;
				INFOPLIST_KEY_UILaunchScreen_Generation = YES;
				INFOPLIST_KEY_UISupportedInterfaceOrientations_iPad = "UIInterfaceOrientationPortrait UIInterfaceOrientationPortraitUpsideDown UIInterfaceOrientationLandscapeLeft UIInterfaceOrientationLandscapeRight";
				INFOPLIST_KEY_UISupportedInterfaceOrientations_iPhone = "UIInterfaceOrientationPortrait UIInterfaceOrientationLandscapeLeft UIInterfaceOrientationLandscapeRight";
				LD_RUNPATH_SEARCH_PATHS = (
					"$(inherited)",
					"@executable_path/Frameworks",
				);
				MARKETING_VERSION = 1.0;
				PRODUCT_BUNDLE_IDENTIFIER = com.uddeshya.PatientSide;
				PRODUCT_NAME = "$(TARGET_NAME)";
				SWIFT_EMIT_LOC_STRINGS = YES;
				SWIFT_VERSION = 5.0;
				TARGETED_DEVICE_FAMILY = "1,2";
			};
			name = Release;
		};
/* End XCBuildConfiguration section */

/* Begin XCConfigurationList section */
		078F48D72D5CC367004A594B /* Build configuration list for PBXProject "PatientSide" */ = {
			isa = XCConfigurationList;
			buildConfigurations = (
				078F48EA2D5CC368004A594B /* Debug */,
				078F48EB2D5CC368004A594B /* Release */,
			);
			defaultConfigurationIsVisible = 0;
			defaultConfigurationName = Release;
		};
		078F48EC2D5CC368004A594B /* Build configuration list for PBXNativeTarget "PatientSide" */ = {
			isa = XCConfigurationList;
			buildConfigurations = (
				078F48ED2D5CC368004A594B /* Debug */,
				078F48EE2D5CC368004A594B /* Release */,
			);
			defaultConfigurationIsVisible = 0;
			defaultConfigurationName = Release;
		};
/* End XCConfigurationList section */

/* Begin XCRemoteSwiftPackageReference section */
		078D0CC52D5DF89700F4B1DF /* XCRemoteSwiftPackageReference "firebase-ios-sdk" */ = {
			isa = XCRemoteSwiftPackageReference;
			repositoryURL = "https://github.com/firebase/firebase-ios-sdk";
			requirement = {
				kind = upToNextMajorVersion;
				minimumVersion = 11.8.1;
			};
		};
/* End XCRemoteSwiftPackageReference section */

/* Begin XCSwiftPackageProductDependency section */
		078D0CC62D5DF89700F4B1DF /* FirebaseAnalytics */ = {
			isa = XCSwiftPackageProductDependency;
			package = 078D0CC52D5DF89700F4B1DF /* XCRemoteSwiftPackageReference "firebase-ios-sdk" */;
			productName = FirebaseAnalytics;
		};
		078D0CC82D5DF89700F4B1DF /* FirebaseAuth */ = {
			isa = XCSwiftPackageProductDependency;
			package = 078D0CC52D5DF89700F4B1DF /* XCRemoteSwiftPackageReference "firebase-ios-sdk" */;
			productName = FirebaseAuth;
		};
		078D0CCA2D5DF89700F4B1DF /* FirebaseCore */ = {
			isa = XCSwiftPackageProductDependency;
			package = 078D0CC52D5DF89700F4B1DF /* XCRemoteSwiftPackageReference "firebase-ios-sdk" */;
			productName = FirebaseCore;
		};
		078D0CCC2D5DF89700F4B1DF /* FirebaseDatabase */ = {
			isa = XCSwiftPackageProductDependency;
			package = 078D0CC52D5DF89700F4B1DF /* XCRemoteSwiftPackageReference "firebase-ios-sdk" */;
			productName = FirebaseDatabase;
		};
		078D0CCE2D5DF89700F4B1DF /* FirebaseFirestore */ = {
			isa = XCSwiftPackageProductDependency;
			package = 078D0CC52D5DF89700F4B1DF /* XCRemoteSwiftPackageReference "firebase-ios-sdk" */;
			productName = FirebaseFirestore;
		};
		078D0CD02D5DF89700F4B1DF /* FirebaseStorage */ = {
			isa = XCSwiftPackageProductDependency;
			package = 078D0CC52D5DF89700F4B1DF /* XCRemoteSwiftPackageReference "firebase-ios-sdk" */;
			productName = FirebaseStorage;
		};
		078D0CD22D5DF89700F4B1DF /* FirebaseVertexAI */ = {
			isa = XCSwiftPackageProductDependency;
			package = 078D0CC52D5DF89700F4B1DF /* XCRemoteSwiftPackageReference "firebase-ios-sdk" */;
			productName = FirebaseVertexAI;
		};
/* End XCSwiftPackageProductDependency section */
	};
	rootObject = 078F48D42D5CC367004A594B /* Project object */;
}
